
Microsoft Visual Studio Solution File, Format Version 12.00
# Visual Studio Version 16
VisualStudioVersion = 16.0.29519.87
MinimumVisualStudioVersion = 10.0.40219.1
Project("{9A19103F-16F7-4668-BE54-9A1E7A4F7556}") = "AdventOfCode", "AdventOfCode.csproj", "{03DE71E3-BEEA-4BC2-BE91-75A248E9B28A}"
EndProject
Global
	GlobalSection(SolutionConfigurationPlatforms) = preSolution
		Debug|Any CPU = Debug|Any CPU
		Release|Any CPU = Release|Any CPU
	EndGlobalSection
	GlobalSection(ProjectConfigurationPlatforms) = postSolution
		{03DE71E3-BEEA-4BC2-BE91-75A248E9B28A}.Debug|Any CPU.ActiveCfg = Debug|Any CPU
		{03DE71E3-BEEA-4BC2-BE91-75A248E9B28A}.Debug|Any CPU.Build.0 = Debug|Any CPU
		{03DE71E3-BEEA-4BC2-BE91-75A248E9B28A}.Release|Any CPU.ActiveCfg = Release|Any CPU
		{03DE71E3-BEEA-4BC2-BE91-75A248E9B28A}.Release|Any CPU.Build.0 = Release|Any CPU
	EndGlobalSection
	GlobalSection(SolutionProperties) = preSolution
		HideSolutionNode = FALSE
	EndGlobalSection
	GlobalSection(ExtensibilityGlobals) = postSolution
		SolutionGuid = {1AFF87E7-E856-42F4-B6FE-F61913BB4885}
	EndGlobalSection
EndGlobal
