
Microsoft Visual Studio Solution File, Format Version 12.00
# Visual Studio Version 16
VisualStudioVersion = 16.0.30011.22
MinimumVisualStudioVersion = 10.0.40219.1
Project("{9A19103F-16F7-4668-BE54-9A1E7A4F7556}") = "Stocks", "Stocks.csproj", "{2F44978A-CE9E-4B65-BD30-61C2BBA3C23B}"
EndProject
Global
	GlobalSection(SolutionConfigurationPlatforms) = preSolution
		Debug|Any CPU = Debug|Any CPU
		Release|Any CPU = Release|Any CPU
	EndGlobalSection
	GlobalSection(ProjectConfigurationPlatforms) = postSolution
		{2F44978A-CE9E-4B65-BD30-61C2BBA3C23B}.Debug|Any CPU.ActiveCfg = Debug|Any CPU
		{2F44978A-CE9E-4B65-BD30-61C2BBA3C23B}.Debug|Any CPU.Build.0 = Debug|Any CPU
		{2F44978A-CE9E-4B65-BD30-61C2BBA3C23B}.Release|Any CPU.ActiveCfg = Release|Any CPU
		{2F44978A-CE9E-4B65-BD30-61C2BBA3C23B}.Release|Any CPU.Build.0 = Release|Any CPU
	EndGlobalSection
	GlobalSection(SolutionProperties) = preSolution
		HideSolutionNode = FALSE
	EndGlobalSection
	GlobalSection(ExtensibilityGlobals) = postSolution
		SolutionGuid = {75D7D2CF-2DF5-48CE-9B9C-894B70AA812C}
	EndGlobalSection
EndGlobal
